
Microsoft Visual Studio Solution File, Format Version 12.00
# Visual Studio Version 16
VisualStudioVersion = 16.0.30717.126
MinimumVisualStudioVersion = 10.0.40219.1
Project("{FAE04EC0-301F-11D3-BF4B-00C04F79EFBC}") = "rev_shell_1", "rev_shell_1\rev_shell_1.csproj", "{2E6BF5F0-CC6A-41BC-A6AD-4D4BF0845A17}"
EndProject
Project("{FAE04EC0-301F-11D3-BF4B-00C04F79EFBC}") = "ClassLibrary1", "ClassLibrary1\ClassLibrary1.csproj", "{E4FBCC3A-984E-456B-9360-39DD6ACC5DF6}"
EndProject
Project("{FAE04EC0-301F-11D3-BF4B-00C04F79EFBC}") = "Inject", "Inject\Inject.csproj", "{62D2645B-0061-47DA-A109-610E49F67DA7}"
EndProject
Project("{FAE04EC0-301F-11D3-BF4B-00C04F79EFBC}") = "Inject_PID", "Inject_PID\Inject_PID.csproj", "{EFCD49F1-FB26-4480-A5B0-1420C852294D}"
EndProject
Global
	GlobalSection(SolutionConfigurationPlatforms) = preSolution
		Debug|Any CPU = Debug|Any CPU
		Debug|x64 = Debug|x64
		Release|Any CPU = Release|Any CPU
		Release|x64 = Release|x64
	EndGlobalSection
	GlobalSection(ProjectConfigurationPlatforms) = postSolution
		{2E6BF5F0-CC6A-41BC-A6AD-4D4BF0845A17}.Debug|Any CPU.ActiveCfg = Debug|Any CPU
		{2E6BF5F0-CC6A-41BC-A6AD-4D4BF0845A17}.Debug|Any CPU.Build.0 = Debug|Any CPU
		{2E6BF5F0-CC6A-41BC-A6AD-4D4BF0845A17}.Debug|x64.ActiveCfg = Debug|x64
		{2E6BF5F0-CC6A-41BC-A6AD-4D4BF0845A17}.Debug|x64.Build.0 = Debug|x64
		{2E6BF5F0-CC6A-41BC-A6AD-4D4BF0845A17}.Release|Any CPU.ActiveCfg = Release|Any CPU
		{2E6BF5F0-CC6A-41BC-A6AD-4D4BF0845A17}.Release|Any CPU.Build.0 = Release|Any CPU
		{2E6BF5F0-CC6A-41BC-A6AD-4D4BF0845A17}.Release|x64.ActiveCfg = Release|x64
		{2E6BF5F0-CC6A-41BC-A6AD-4D4BF0845A17}.Release|x64.Build.0 = Release|x64
		{E4FBCC3A-984E-456B-9360-39DD6ACC5DF6}.Debug|Any CPU.ActiveCfg = Debug|Any CPU
		{E4FBCC3A-984E-456B-9360-39DD6ACC5DF6}.Debug|Any CPU.Build.0 = Debug|Any CPU
		{E4FBCC3A-984E-456B-9360-39DD6ACC5DF6}.Debug|x64.ActiveCfg = Debug|Any CPU
		{E4FBCC3A-984E-456B-9360-39DD6ACC5DF6}.Debug|x64.Build.0 = Debug|Any CPU
		{E4FBCC3A-984E-456B-9360-39DD6ACC5DF6}.Release|Any CPU.ActiveCfg = Release|Any CPU
		{E4FBCC3A-984E-456B-9360-39DD6ACC5DF6}.Release|Any CPU.Build.0 = Release|Any CPU
		{E4FBCC3A-984E-456B-9360-39DD6ACC5DF6}.Release|x64.ActiveCfg = Release|Any CPU
		{E4FBCC3A-984E-456B-9360-39DD6ACC5DF6}.Release|x64.Build.0 = Release|Any CPU
		{62D2645B-0061-47DA-A109-610E49F67DA7}.Debug|Any CPU.ActiveCfg = Debug|Any CPU
		{62D2645B-0061-47DA-A109-610E49F67DA7}.Debug|Any CPU.Build.0 = Debug|Any CPU
		{62D2645B-0061-47DA-A109-610E49F67DA7}.Debug|x64.ActiveCfg = Debug|Any CPU
		{62D2645B-0061-47DA-A109-610E49F67DA7}.Debug|x64.Build.0 = Debug|Any CPU
		{62D2645B-0061-47DA-A109-610E49F67DA7}.Release|Any CPU.ActiveCfg = Release|Any CPU
		{62D2645B-0061-47DA-A109-610E49F67DA7}.Release|Any CPU.Build.0 = Release|Any CPU
		{62D2645B-0061-47DA-A109-610E49F67DA7}.Release|x64.ActiveCfg = Release|x64
		{62D2645B-0061-47DA-A109-610E49F67DA7}.Release|x64.Build.0 = Release|x64
		{EFCD49F1-FB26-4480-A5B0-1420C852294D}.Debug|Any CPU.ActiveCfg = Debug|Any CPU
		{EFCD49F1-FB26-4480-A5B0-1420C852294D}.Debug|Any CPU.Build.0 = Debug|Any CPU
		{EFCD49F1-FB26-4480-A5B0-1420C852294D}.Debug|x64.ActiveCfg = Debug|Any CPU
		{EFCD49F1-FB26-4480-A5B0-1420C852294D}.Debug|x64.Build.0 = Debug|Any CPU
		{EFCD49F1-FB26-4480-A5B0-1420C852294D}.Release|Any CPU.ActiveCfg = Release|Any CPU
		{EFCD49F1-FB26-4480-A5B0-1420C852294D}.Release|Any CPU.Build.0 = Release|Any CPU
		{EFCD49F1-FB26-4480-A5B0-1420C852294D}.Release|x64.ActiveCfg = Release|x64
		{EFCD49F1-FB26-4480-A5B0-1420C852294D}.Release|x64.Build.0 = Release|x64
	EndGlobalSection
	GlobalSection(SolutionProperties) = preSolution
		HideSolutionNode = FALSE
	EndGlobalSection
	GlobalSection(ExtensibilityGlobals) = postSolution
		SolutionGuid = {FE027B02-9421-442E-96DB-06050FCEA5E4}
	EndGlobalSection
EndGlobal
