
Microsoft Visual Studio Solution File, Format Version 12.00
# Visual Studio Version 16
VisualStudioVersion = 16.0.30717.126
MinimumVisualStudioVersion = 10.0.40219.1
Project("{FAE04EC0-301F-11D3-BF4B-00C04F79EFBC}") = "Hello World", "Hello World\Hello World.csproj", "{97AD80A2-3161-428B-A921-AA43D556C115}"
EndProject
Global
	GlobalSection(SolutionConfigurationPlatforms) = preSolution
		Debug|Any CPU = Debug|Any CPU
		Release|Any CPU = Release|Any CPU
	EndGlobalSection
	GlobalSection(ProjectConfigurationPlatforms) = postSolution
		{97AD80A2-3161-428B-A921-AA43D556C115}.Debug|Any CPU.ActiveCfg = Debug|Any CPU
		{97AD80A2-3161-428B-A921-AA43D556C115}.Debug|Any CPU.Build.0 = Debug|Any CPU
		{97AD80A2-3161-428B-A921-AA43D556C115}.Release|Any CPU.ActiveCfg = Release|Any CPU
		{97AD80A2-3161-428B-A921-AA43D556C115}.Release|Any CPU.Build.0 = Release|Any CPU
	EndGlobalSection
	GlobalSection(SolutionProperties) = preSolution
		HideSolutionNode = FALSE
	EndGlobalSection
	GlobalSection(ExtensibilityGlobals) = postSolution
		SolutionGuid = {A9A726F3-BF15-40D3-BCE2-70A10C214CD7}
	EndGlobalSection
EndGlobal
